
Microsoft Visual Studio Solution File, Format Version 12.00
# Visual Studio Version 17
VisualStudioVersion = 17.5.001.0
MinimumVisualStudioVersion = 10.0.40219.1
Project("{2150E333-8FDC-42A3-9474-1A3956D46DE8}") = "csharp-prep", "csharp-prep", "{3C3F5510-119C-4D51-9E69-2548731EEAC8}"
EndProject
Project("{9A19103F-16F7-4668-BE54-9A1E7A4F7556}") = "Prep1", "csharp-prep\Prep1\Prep1.csproj", "{55B37CD9-A8D7-4CA3-A66A-215471CE380D}"
EndProject
Project("{9A19103F-16F7-4668-BE54-9A1E7A4F7556}") = "Prep2", "csharp-prep\Prep2\Prep2.csproj", "{48524EF5-5373-40AB-BB7E-D5324A950760}"
EndProject
Project("{9A19103F-16F7-4668-BE54-9A1E7A4F7556}") = "Prep3", "csharp-prep\Prep3\Prep3.csproj", "{D56D28D5-D034-4366-8224-DC9A2599C09C}"
EndProject
Project("{9A19103F-16F7-4668-BE54-9A1E7A4F7556}") = "Prep4", "csharp-prep\Prep4\Prep4.csproj", "{61258D47-DE19-43D7-AA0D-087E3E057FED}"
EndProject
Project("{9A19103F-16F7-4668-BE54-9A1E7A4F7556}") = "Prep5", "csharp-prep\Prep5\Prep5.csproj", "{058738C9-45A7-41A1-A97C-05A13E3CDD72}"
EndProject
Project("{2150E333-8FDC-42A3-9474-1A3956D46DE8}") = "final", "final", "{9FE3969A-74EB-4E01-98DE-1D1456FEF9CF}"
EndProject
Project("{9A19103F-16F7-4668-BE54-9A1E7A4F7556}") = "FinalProject", "final\FinalProject\FinalProject.csproj", "{2A5CFB9F-54C5-472B-855E-50DF9F2D2585}"
EndProject
Project("{9A19103F-16F7-4668-BE54-9A1E7A4F7556}") = "Foundation1", "final\Foundation1\Foundation1.csproj", "{B84A72FF-0881-492D-A675-C39CB45C3339}"
EndProject
Project("{9A19103F-16F7-4668-BE54-9A1E7A4F7556}") = "Foundation2", "final\Foundation2\Foundation2.csproj", "{317AA382-297A-4B87-AA6D-B3A07A939C3D}"
EndProject
Project("{9A19103F-16F7-4668-BE54-9A1E7A4F7556}") = "Foundation3", "final\Foundation3\Foundation3.csproj", "{C17B9B3E-1CEC-4FB6-92A9-0FABBBD78974}"
EndProject
Project("{9A19103F-16F7-4668-BE54-9A1E7A4F7556}") = "Foundation4", "final\Foundation4\Foundation4.csproj", "{F55F0752-C0FD-4CD4-8863-7AAEDD68A4F7}"
EndProject
Project("{2150E333-8FDC-42A3-9474-1A3956D46DE8}") = "prepare", "prepare", "{57B543F7-A294-4E97-8DFD-6981BF16C39C}"
EndProject
Project("{9A19103F-16F7-4668-BE54-9A1E7A4F7556}") = "Learning02", "prepare\Learning02\Learning02.csproj", "{6BD1B72F-5981-4377-BEA8-8F561560B9DA}"
EndProject
Project("{9A19103F-16F7-4668-BE54-9A1E7A4F7556}") = "Learning03", "prepare\Learning03\Learning03.csproj", "{15ED9DD2-0DE6-4615-B3B5-3B1E6FF67B72}"
EndProject
Project("{9A19103F-16F7-4668-BE54-9A1E7A4F7556}") = "Learning04", "prepare\Learning04\Learning04.csproj", "{F9E51E99-F719-4245-9FC3-554A5B21A113}"
EndProject
Project("{9A19103F-16F7-4668-BE54-9A1E7A4F7556}") = "Learning05", "prepare\Learning05\Learning05.csproj", "{23A6068B-77F8-465B-AAE9-E2C5EE30EC3F}"
EndProject
Project("{2150E333-8FDC-42A3-9474-1A3956D46DE8}") = "prove", "prove", "{33DE6677-96E5-451C-8E4A-9425EE40A603}"
EndProject
Project("{9A19103F-16F7-4668-BE54-9A1E7A4F7556}") = "Develop02", "prove\Develop02\Develop02.csproj", "{08A4FDBF-F427-4F07-B64A-2855CBD649C3}"
EndProject
Project("{9A19103F-16F7-4668-BE54-9A1E7A4F7556}") = "Develop03", "prove\Develop03\Develop03.csproj", "{AC5A31DE-318A-4A08-9186-DF8FCD422897}"
EndProject
Project("{9A19103F-16F7-4668-BE54-9A1E7A4F7556}") = "Develop04", "prove\Develop04\Develop04.csproj", "{6232723D-0FDF-4E96-9DB7-378B0F53EF96}"
EndProject
Project("{9A19103F-16F7-4668-BE54-9A1E7A4F7556}") = "Develop05", "prove\Develop05\Develop05.csproj", "{D86B073F-C510-4742-B312-3792C520D0C1}"
EndProject
Project("{2150E333-8FDC-42A3-9474-1A3956D46DE8}") = "sandbox", "sandbox", "{FEC06970-109D-4780-B847-B60065071238}"
EndProject
Project("{9A19103F-16F7-4668-BE54-9A1E7A4F7556}") = "Sandbox", "sandbox\Sandbox\Sandbox.csproj", "{36665EEC-D0D5-4654-AF70-18682C11C232}"
EndProject
Global
	GlobalSection(SolutionConfigurationPlatforms) = preSolution
		Debug|Any CPU = Debug|Any CPU
		Release|Any CPU = Release|Any CPU
	EndGlobalSection
	GlobalSection(ProjectConfigurationPlatforms) = postSolution
		{55B37CD9-A8D7-4CA3-A66A-215471CE380D}.Debug|Any CPU.ActiveCfg = Debug|Any CPU
		{55B37CD9-A8D7-4CA3-A66A-215471CE380D}.Debug|Any CPU.Build.0 = Debug|Any CPU
		{55B37CD9-A8D7-4CA3-A66A-215471CE380D}.Release|Any CPU.ActiveCfg = Release|Any CPU
		{55B37CD9-A8D7-4CA3-A66A-215471CE380D}.Release|Any CPU.Build.0 = Release|Any CPU
		{48524EF5-5373-40AB-BB7E-D5324A950760}.Debug|Any CPU.ActiveCfg = Debug|Any CPU
		{48524EF5-5373-40AB-BB7E-D5324A950760}.Debug|Any CPU.Build.0 = Debug|Any CPU
		{48524EF5-5373-40AB-BB7E-D5324A950760}.Release|Any CPU.ActiveCfg = Release|Any CPU
		{48524EF5-5373-40AB-BB7E-D5324A950760}.Release|Any CPU.Build.0 = Release|Any CPU
		{D56D28D5-D034-4366-8224-DC9A2599C09C}.Debug|Any CPU.ActiveCfg = Debug|Any CPU
		{D56D28D5-D034-4366-8224-DC9A2599C09C}.Debug|Any CPU.Build.0 = Debug|Any CPU
		{D56D28D5-D034-4366-8224-DC9A2599C09C}.Release|Any CPU.ActiveCfg = Release|Any CPU
		{D56D28D5-D034-4366-8224-DC9A2599C09C}.Release|Any CPU.Build.0 = Release|Any CPU
		{61258D47-DE19-43D7-AA0D-087E3E057FED}.Debug|Any CPU.ActiveCfg = Debug|Any CPU
		{61258D47-DE19-43D7-AA0D-087E3E057FED}.Debug|Any CPU.Build.0 = Debug|Any CPU
		{61258D47-DE19-43D7-AA0D-087E3E057FED}.Release|Any CPU.ActiveCfg = Release|Any CPU
		{61258D47-DE19-43D7-AA0D-087E3E057FED}.Release|Any CPU.Build.0 = Release|Any CPU
		{058738C9-45A7-41A1-A97C-05A13E3CDD72}.Debug|Any CPU.ActiveCfg = Debug|Any CPU
		{058738C9-45A7-41A1-A97C-05A13E3CDD72}.Debug|Any CPU.Build.0 = Debug|Any CPU
		{058738C9-45A7-41A1-A97C-05A13E3CDD72}.Release|Any CPU.ActiveCfg = Release|Any CPU
		{058738C9-45A7-41A1-A97C-05A13E3CDD72}.Release|Any CPU.Build.0 = Release|Any CPU
		{2A5CFB9F-54C5-472B-855E-50DF9F2D2585}.Debug|Any CPU.ActiveCfg = Debug|Any CPU
		{2A5CFB9F-54C5-472B-855E-50DF9F2D2585}.Debug|Any CPU.Build.0 = Debug|Any CPU
		{2A5CFB9F-54C5-472B-855E-50DF9F2D2585}.Release|Any CPU.ActiveCfg = Release|Any CPU
		{2A5CFB9F-54C5-472B-855E-50DF9F2D2585}.Release|Any CPU.Build.0 = Release|Any CPU
		{B84A72FF-0881-492D-A675-C39CB45C3339}.Debug|Any CPU.ActiveCfg = Debug|Any CPU
		{B84A72FF-0881-492D-A675-C39CB45C3339}.Debug|Any CPU.Build.0 = Debug|Any CPU
		{B84A72FF-0881-492D-A675-C39CB45C3339}.Release|Any CPU.ActiveCfg = Release|Any CPU
		{B84A72FF-0881-492D-A675-C39CB45C3339}.Release|Any CPU.Build.0 = Release|Any CPU
		{317AA382-297A-4B87-AA6D-B3A07A939C3D}.Debug|Any CPU.ActiveCfg = Debug|Any CPU
		{317AA382-297A-4B87-AA6D-B3A07A939C3D}.Debug|Any CPU.Build.0 = Debug|Any CPU
		{317AA382-297A-4B87-AA6D-B3A07A939C3D}.Release|Any CPU.ActiveCfg = Release|Any CPU
		{317AA382-297A-4B87-AA6D-B3A07A939C3D}.Release|Any CPU.Build.0 = Release|Any CPU
		{C17B9B3E-1CEC-4FB6-92A9-0FABBBD78974}.Debug|Any CPU.ActiveCfg = Debug|Any CPU
		{C17B9B3E-1CEC-4FB6-92A9-0FABBBD78974}.Debug|Any CPU.Build.0 = Debug|Any CPU
		{C17B9B3E-1CEC-4FB6-92A9-0FABBBD78974}.Release|Any CPU.ActiveCfg = Release|Any CPU
		{C17B9B3E-1CEC-4FB6-92A9-0FABBBD78974}.Release|Any CPU.Build.0 = Release|Any CPU
		{F55F0752-C0FD-4CD4-8863-7AAEDD68A4F7}.Debug|Any CPU.ActiveCfg = Debug|Any CPU
		{F55F0752-C0FD-4CD4-8863-7AAEDD68A4F7}.Debug|Any CPU.Build.0 = Debug|Any CPU
		{F55F0752-C0FD-4CD4-8863-7AAEDD68A4F7}.Release|Any CPU.ActiveCfg = Release|Any CPU
		{F55F0752-C0FD-4CD4-8863-7AAEDD68A4F7}.Release|Any CPU.Build.0 = Release|Any CPU
		{6BD1B72F-5981-4377-BEA8-8F561560B9DA}.Debug|Any CPU.ActiveCfg = Debug|Any CPU
		{6BD1B72F-5981-4377-BEA8-8F561560B9DA}.Debug|Any CPU.Build.0 = Debug|Any CPU
		{6BD1B72F-5981-4377-BEA8-8F561560B9DA}.Release|Any CPU.ActiveCfg = Release|Any CPU
		{6BD1B72F-5981-4377-BEA8-8F561560B9DA}.Release|Any CPU.Build.0 = Release|Any CPU
		{15ED9DD2-0DE6-4615-B3B5-3B1E6FF67B72}.Debug|Any CPU.ActiveCfg = Debug|Any CPU
		{15ED9DD2-0DE6-4615-B3B5-3B1E6FF67B72}.Debug|Any CPU.Build.0 = Debug|Any CPU
		{15ED9DD2-0DE6-4615-B3B5-3B1E6FF67B72}.Release|Any CPU.ActiveCfg = Release|Any CPU
		{15ED9DD2-0DE6-4615-B3B5-3B1E6FF67B72}.Release|Any CPU.Build.0 = Release|Any CPU
		{F9E51E99-F719-4245-9FC3-554A5B21A113}.Debug|Any CPU.ActiveCfg = Debug|Any CPU
		{F9E51E99-F719-4245-9FC3-554A5B21A113}.Debug|Any CPU.Build.0 = Debug|Any CPU
		{F9E51E99-F719-4245-9FC3-554A5B21A113}.Release|Any CPU.ActiveCfg = Release|Any CPU
		{F9E51E99-F719-4245-9FC3-554A5B21A113}.Release|Any CPU.Build.0 = Release|Any CPU
		{23A6068B-77F8-465B-AAE9-E2C5EE30EC3F}.Debug|Any CPU.ActiveCfg = Debug|Any CPU
		{23A6068B-77F8-465B-AAE9-E2C5EE30EC3F}.Debug|Any CPU.Build.0 = Debug|Any CPU
		{23A6068B-77F8-465B-AAE9-E2C5EE30EC3F}.Release|Any CPU.ActiveCfg = Release|Any CPU
		{23A6068B-77F8-465B-AAE9-E2C5EE30EC3F}.Release|Any CPU.Build.0 = Release|Any CPU
		{08A4FDBF-F427-4F07-B64A-2855CBD649C3}.Debug|Any CPU.ActiveCfg = Debug|Any CPU
		{08A4FDBF-F427-4F07-B64A-2855CBD649C3}.Debug|Any CPU.Build.0 = Debug|Any CPU
		{08A4FDBF-F427-4F07-B64A-2855CBD649C3}.Release|Any CPU.ActiveCfg = Release|Any CPU
		{08A4FDBF-F427-4F07-B64A-2855CBD649C3}.Release|Any CPU.Build.0 = Release|Any CPU
		{AC5A31DE-318A-4A08-9186-DF8FCD422897}.Debug|Any CPU.ActiveCfg = Debug|Any CPU
		{AC5A31DE-318A-4A08-9186-DF8FCD422897}.Debug|Any CPU.Build.0 = Debug|Any CPU
		{AC5A31DE-318A-4A08-9186-DF8FCD422897}.Release|Any CPU.ActiveCfg = Release|Any CPU
		{AC5A31DE-318A-4A08-9186-DF8FCD422897}.Release|Any CPU.Build.0 = Release|Any CPU
		{6232723D-0FDF-4E96-9DB7-378B0F53EF96}.Debug|Any CPU.ActiveCfg = Debug|Any CPU
		{6232723D-0FDF-4E96-9DB7-378B0F53EF96}.Debug|Any CPU.Build.0 = Debug|Any CPU
		{6232723D-0FDF-4E96-9DB7-378B0F53EF96}.Release|Any CPU.ActiveCfg = Release|Any CPU
		{6232723D-0FDF-4E96-9DB7-378B0F53EF96}.Release|Any CPU.Build.0 = Release|Any CPU
		{D86B073F-C510-4742-B312-3792C520D0C1}.Debug|Any CPU.ActiveCfg = Debug|Any CPU
		{D86B073F-C510-4742-B312-3792C520D0C1}.Debug|Any CPU.Build.0 = Debug|Any CPU
		{D86B073F-C510-4742-B312-3792C520D0C1}.Release|Any CPU.ActiveCfg = Release|Any CPU
		{D86B073F-C510-4742-B312-3792C520D0C1}.Release|Any CPU.Build.0 = Release|Any CPU
		{36665EEC-D0D5-4654-AF70-18682C11C232}.Debug|Any CPU.ActiveCfg = Debug|Any CPU
		{36665EEC-D0D5-4654-AF70-18682C11C232}.Debug|Any CPU.Build.0 = Debug|Any CPU
		{36665EEC-D0D5-4654-AF70-18682C11C232}.Release|Any CPU.ActiveCfg = Release|Any CPU
		{36665EEC-D0D5-4654-AF70-18682C11C232}.Release|Any CPU.Build.0 = Release|Any CPU
	EndGlobalSection
	GlobalSection(SolutionProperties) = preSolution
		HideSolutionNode = FALSE
	EndGlobalSection
	GlobalSection(NestedProjects) = preSolution
		{55B37CD9-A8D7-4CA3-A66A-215471CE380D} = {3C3F5510-119C-4D51-9E69-2548731EEAC8}
		{48524EF5-5373-40AB-BB7E-D5324A950760} = {3C3F5510-119C-4D51-9E69-2548731EEAC8}
		{D56D28D5-D034-4366-8224-DC9A2599C09C} = {3C3F5510-119C-4D51-9E69-2548731EEAC8}
		{61258D47-DE19-43D7-AA0D-087E3E057FED} = {3C3F5510-119C-4D51-9E69-2548731EEAC8}
		{058738C9-45A7-41A1-A97C-05A13E3CDD72} = {3C3F5510-119C-4D51-9E69-2548731EEAC8}
		{2A5CFB9F-54C5-472B-855E-50DF9F2D2585} = {9FE3969A-74EB-4E01-98DE-1D1456FEF9CF}
		{B84A72FF-0881-492D-A675-C39CB45C3339} = {9FE3969A-74EB-4E01-98DE-1D1456FEF9CF}
		{317AA382-297A-4B87-AA6D-B3A07A939C3D} = {9FE3969A-74EB-4E01-98DE-1D1456FEF9CF}
		{C17B9B3E-1CEC-4FB6-92A9-0FABBBD78974} = {9FE3969A-74EB-4E01-98DE-1D1456FEF9CF}
		{F55F0752-C0FD-4CD4-8863-7AAEDD68A4F7} = {9FE3969A-74EB-4E01-98DE-1D1456FEF9CF}
		{6BD1B72F-5981-4377-BEA8-8F561560B9DA} = {57B543F7-A294-4E97-8DFD-6981BF16C39C}
		{15ED9DD2-0DE6-4615-B3B5-3B1E6FF67B72} = {57B543F7-A294-4E97-8DFD-6981BF16C39C}
		{F9E51E99-F719-4245-9FC3-554A5B21A113} = {57B543F7-A294-4E97-8DFD-6981BF16C39C}
		{23A6068B-77F8-465B-AAE9-E2C5EE30EC3F} = {57B543F7-A294-4E97-8DFD-6981BF16C39C}
		{08A4FDBF-F427-4F07-B64A-2855CBD649C3} = {33DE6677-96E5-451C-8E4A-9425EE40A603}
		{AC5A31DE-318A-4A08-9186-DF8FCD422897} = {33DE6677-96E5-451C-8E4A-9425EE40A603}
		{6232723D-0FDF-4E96-9DB7-378B0F53EF96} = {33DE6677-96E5-451C-8E4A-9425EE40A603}
		{D86B073F-C510-4742-B312-3792C520D0C1} = {33DE6677-96E5-451C-8E4A-9425EE40A603}
		{36665EEC-D0D5-4654-AF70-18682C11C232} = {FEC06970-109D-4780-B847-B60065071238}
	EndGlobalSection
	GlobalSection(ExtensibilityGlobals) = postSolution
		SolutionGuid = {937BE9E7-931C-4BBB-A14F-590D0E8D4BAC}
	EndGlobalSection
EndGlobal
